
Microsoft Visual Studio Solution File, Format Version 12.00
# Visual Studio Version 16
VisualStudioVersion = 16.0.31205.134
MinimumVisualStudioVersion = 10.0.40219.1
Project("{FAE04EC0-301F-11D3-BF4B-00C04F79EFBC}") = "RF4STextEditor", "RF4STextEditor\RF4STextEditor.csproj", "{F51DF2CA-3606-43E5-9343-FF5B42193C61}"
EndProject
Global
	GlobalSection(SolutionConfigurationPlatforms) = preSolution
		Debug|Any CPU = Debug|Any CPU
		Release|Any CPU = Release|Any CPU
	EndGlobalSection
	GlobalSection(ProjectConfigurationPlatforms) = postSolution
		{F51DF2CA-3606-43E5-9343-FF5B42193C61}.Debug|Any CPU.ActiveCfg = Debug|Any CPU
		{F51DF2CA-3606-43E5-9343-FF5B42193C61}.Debug|Any CPU.Build.0 = Debug|Any CPU
		{F51DF2CA-3606-43E5-9343-FF5B42193C61}.Release|Any CPU.ActiveCfg = Release|Any CPU
		{F51DF2CA-3606-43E5-9343-FF5B42193C61}.Release|Any CPU.Build.0 = Release|Any CPU
	EndGlobalSection
	GlobalSection(SolutionProperties) = preSolution
		HideSolutionNode = FALSE
	EndGlobalSection
	GlobalSection(ExtensibilityGlobals) = postSolution
		SolutionGuid = {2A5317B5-D055-4E4E-8587-687B6C36F1CB}
	EndGlobalSection
EndGlobal
